
Microsoft Visual Studio Solution File, Format Version 12.00
# Visual Studio Version 17
VisualStudioVersion = 17.0.31903.59
MinimumVisualStudioVersion = 10.0.40219.1
Project("{FAE04EC0-301F-11D3-BF4B-00C04F79EFBC}") = "Tests", "Tests\Tests.csproj", "{88279ABA-A188-4ED2-A49A-4D68D39E8E1B}"
EndProject
Project("{FAE04EC0-301F-11D3-BF4B-00C04F79EFBC}") = "CodeWars", "CodeWars\CodeWars.csproj", "{B9A6232E-9C5F-49DD-A4D1-7B9B815A3B31}"
EndProject
Global
	GlobalSection(SolutionConfigurationPlatforms) = preSolution
		Debug|Any CPU = Debug|Any CPU
		Release|Any CPU = Release|Any CPU
	EndGlobalSection
	GlobalSection(SolutionProperties) = preSolution
		HideSolutionNode = FALSE
	EndGlobalSection
	GlobalSection(ProjectConfigurationPlatforms) = postSolution
		{88279ABA-A188-4ED2-A49A-4D68D39E8E1B}.Debug|Any CPU.ActiveCfg = Debug|Any CPU
		{88279ABA-A188-4ED2-A49A-4D68D39E8E1B}.Debug|Any CPU.Build.0 = Debug|Any CPU
		{88279ABA-A188-4ED2-A49A-4D68D39E8E1B}.Release|Any CPU.ActiveCfg = Release|Any CPU
		{88279ABA-A188-4ED2-A49A-4D68D39E8E1B}.Release|Any CPU.Build.0 = Release|Any CPU
		{B9A6232E-9C5F-49DD-A4D1-7B9B815A3B31}.Debug|Any CPU.ActiveCfg = Debug|Any CPU
		{B9A6232E-9C5F-49DD-A4D1-7B9B815A3B31}.Debug|Any CPU.Build.0 = Debug|Any CPU
		{B9A6232E-9C5F-49DD-A4D1-7B9B815A3B31}.Release|Any CPU.ActiveCfg = Release|Any CPU
		{B9A6232E-9C5F-49DD-A4D1-7B9B815A3B31}.Release|Any CPU.Build.0 = Release|Any CPU
	EndGlobalSection
EndGlobal
